
Microsoft Visual Studio Solution File, Format Version 12.00
# Visual Studio Version 17
VisualStudioVersion = 17.0.31903.59
MinimumVisualStudioVersion = 10.0.40219.1
Project("{2150E333-8FDC-42A3-9474-1A3956D46DE8}") = "Gateway", "Gateway", "{E7BDDBC6-9FD1-D1D7-ACD8-2C4F8E3D2461}"
EndProject
Project("{FAE04EC0-301F-11D3-BF4B-00C04F79EFBC}") = "Gateway.API", "Gateway\Gateway.API\Gateway.API.csproj", "{013A886F-989C-4C1A-AEB7-39D7FCBFD00D}"
EndProject
Project("{2150E333-8FDC-42A3-9474-1A3956D46DE8}") = "Services", "Services", "{5854FF58-B8C5-05C6-5BF2-ACE42193F22B}"
EndProject
Project("{FAE04EC0-301F-11D3-BF4B-00C04F79EFBC}") = "Catalog.API", "Services\Catalog.API\Catalog.API.csproj", "{04AD2A02-4ED3-4404-8CB5-386F9883424A}"
EndProject
Project("{2150E333-8FDC-42A3-9474-1A3956D46DE8}") = "src", "src", "{118D205D-2164-4764-AC5D-948DD89F9765}"
EndProject
Project("{E53339B2-1760-4266-BCC7-CA923CBCF16C}") = "docker-compose", "docker-compose.dcproj", "{81DDED9D-158B-E303-5F62-77A2896D2A5A}"
EndProject
Global
	GlobalSection(SolutionConfigurationPlatforms) = preSolution
		Debug|Any CPU = Debug|Any CPU
		Debug|x64 = Debug|x64
		Debug|x86 = Debug|x86
		Release|Any CPU = Release|Any CPU
		Release|x64 = Release|x64
		Release|x86 = Release|x86
	EndGlobalSection
	GlobalSection(ProjectConfigurationPlatforms) = postSolution
		{013A886F-989C-4C1A-AEB7-39D7FCBFD00D}.Debug|Any CPU.ActiveCfg = Debug|Any CPU
		{013A886F-989C-4C1A-AEB7-39D7FCBFD00D}.Debug|Any CPU.Build.0 = Debug|Any CPU
		{013A886F-989C-4C1A-AEB7-39D7FCBFD00D}.Debug|x64.ActiveCfg = Debug|Any CPU
		{013A886F-989C-4C1A-AEB7-39D7FCBFD00D}.Debug|x64.Build.0 = Debug|Any CPU
		{013A886F-989C-4C1A-AEB7-39D7FCBFD00D}.Debug|x86.ActiveCfg = Debug|Any CPU
		{013A886F-989C-4C1A-AEB7-39D7FCBFD00D}.Debug|x86.Build.0 = Debug|Any CPU
		{013A886F-989C-4C1A-AEB7-39D7FCBFD00D}.Release|Any CPU.ActiveCfg = Release|Any CPU
		{013A886F-989C-4C1A-AEB7-39D7FCBFD00D}.Release|Any CPU.Build.0 = Release|Any CPU
		{013A886F-989C-4C1A-AEB7-39D7FCBFD00D}.Release|x64.ActiveCfg = Release|Any CPU
		{013A886F-989C-4C1A-AEB7-39D7FCBFD00D}.Release|x64.Build.0 = Release|Any CPU
		{013A886F-989C-4C1A-AEB7-39D7FCBFD00D}.Release|x86.ActiveCfg = Release|Any CPU
		{013A886F-989C-4C1A-AEB7-39D7FCBFD00D}.Release|x86.Build.0 = Release|Any CPU
		{04AD2A02-4ED3-4404-8CB5-386F9883424A}.Debug|Any CPU.ActiveCfg = Debug|Any CPU
		{04AD2A02-4ED3-4404-8CB5-386F9883424A}.Debug|Any CPU.Build.0 = Debug|Any CPU
		{04AD2A02-4ED3-4404-8CB5-386F9883424A}.Debug|x64.ActiveCfg = Debug|Any CPU
		{04AD2A02-4ED3-4404-8CB5-386F9883424A}.Debug|x64.Build.0 = Debug|Any CPU
		{04AD2A02-4ED3-4404-8CB5-386F9883424A}.Debug|x86.ActiveCfg = Debug|Any CPU
		{04AD2A02-4ED3-4404-8CB5-386F9883424A}.Debug|x86.Build.0 = Debug|Any CPU
		{04AD2A02-4ED3-4404-8CB5-386F9883424A}.Release|Any CPU.ActiveCfg = Release|Any CPU
		{04AD2A02-4ED3-4404-8CB5-386F9883424A}.Release|Any CPU.Build.0 = Release|Any CPU
		{04AD2A02-4ED3-4404-8CB5-386F9883424A}.Release|x64.ActiveCfg = Release|Any CPU
		{04AD2A02-4ED3-4404-8CB5-386F9883424A}.Release|x64.Build.0 = Release|Any CPU
		{04AD2A02-4ED3-4404-8CB5-386F9883424A}.Release|x86.ActiveCfg = Release|Any CPU
		{04AD2A02-4ED3-4404-8CB5-386F9883424A}.Release|x86.Build.0 = Release|Any CPU
		{81DDED9D-158B-E303-5F62-77A2896D2A5A}.Debug|Any CPU.ActiveCfg = Debug|Any CPU
		{81DDED9D-158B-E303-5F62-77A2896D2A5A}.Debug|Any CPU.Build.0 = Debug|Any CPU
		{81DDED9D-158B-E303-5F62-77A2896D2A5A}.Debug|x64.ActiveCfg = Debug|Any CPU
		{81DDED9D-158B-E303-5F62-77A2896D2A5A}.Debug|x64.Build.0 = Debug|Any CPU
		{81DDED9D-158B-E303-5F62-77A2896D2A5A}.Debug|x86.ActiveCfg = Debug|Any CPU
		{81DDED9D-158B-E303-5F62-77A2896D2A5A}.Debug|x86.Build.0 = Debug|Any CPU
		{81DDED9D-158B-E303-5F62-77A2896D2A5A}.Release|Any CPU.ActiveCfg = Release|Any CPU
		{81DDED9D-158B-E303-5F62-77A2896D2A5A}.Release|Any CPU.Build.0 = Release|Any CPU
		{81DDED9D-158B-E303-5F62-77A2896D2A5A}.Release|x64.ActiveCfg = Release|Any CPU
		{81DDED9D-158B-E303-5F62-77A2896D2A5A}.Release|x64.Build.0 = Release|Any CPU
		{81DDED9D-158B-E303-5F62-77A2896D2A5A}.Release|x86.ActiveCfg = Release|Any CPU
		{81DDED9D-158B-E303-5F62-77A2896D2A5A}.Release|x86.Build.0 = Release|Any CPU
	EndGlobalSection
	GlobalSection(SolutionProperties) = preSolution
		HideSolutionNode = FALSE
	EndGlobalSection
	GlobalSection(NestedProjects) = preSolution
		{E7BDDBC6-9FD1-D1D7-ACD8-2C4F8E3D2461} = {118D205D-2164-4764-AC5D-948DD89F9765}
		{013A886F-989C-4C1A-AEB7-39D7FCBFD00D} = {E7BDDBC6-9FD1-D1D7-ACD8-2C4F8E3D2461}
		{5854FF58-B8C5-05C6-5BF2-ACE42193F22B} = {118D205D-2164-4764-AC5D-948DD89F9765}
		{04AD2A02-4ED3-4404-8CB5-386F9883424A} = {5854FF58-B8C5-05C6-5BF2-ACE42193F22B}
	EndGlobalSection
	GlobalSection(ExtensibilityGlobals) = postSolution
		SolutionGuid = {5702B130-5F37-4C92-8EB2-CFD98C331661}
	EndGlobalSection
EndGlobal
